
Microsoft Visual Studio Solution File, Format Version 12.00
# Visual Studio Version 16
VisualStudioVersion = 16.0.29519.87
MinimumVisualStudioVersion = 10.0.40219.1
Project("{FAE04EC0-301F-11D3-BF4B-00C04F79EFBC}") = "bankingSystem_server", "bankingSystem_server\bankingSystem_server.csproj", "{38A0E737-5C92-4C0B-B643-2A1C424F789D}"
EndProject
Global
	GlobalSection(SolutionConfigurationPlatforms) = preSolution
		Debug|Any CPU = Debug|Any CPU
		Release|Any CPU = Release|Any CPU
	EndGlobalSection
	GlobalSection(ProjectConfigurationPlatforms) = postSolution
		{38A0E737-5C92-4C0B-B643-2A1C424F789D}.Debug|Any CPU.ActiveCfg = Debug|Any CPU
		{38A0E737-5C92-4C0B-B643-2A1C424F789D}.Debug|Any CPU.Build.0 = Debug|Any CPU
		{38A0E737-5C92-4C0B-B643-2A1C424F789D}.Release|Any CPU.ActiveCfg = Release|Any CPU
		{38A0E737-5C92-4C0B-B643-2A1C424F789D}.Release|Any CPU.Build.0 = Release|Any CPU
	EndGlobalSection
	GlobalSection(SolutionProperties) = preSolution
		HideSolutionNode = FALSE
	EndGlobalSection
	GlobalSection(ExtensibilityGlobals) = postSolution
		SolutionGuid = {E5C7FB2B-DA03-447F-A55D-F01A042CE1C4}
	EndGlobalSection
EndGlobal
